{
    "version": 3,
    "terraform_version": "0.11.8",
    "serial": 30,
    "lineage": "05836ba1-39b9-da51-d1a0-276cb4c88d42",
    "modules": [
        {
            "path": [
                "root"
            ],
            "outputs": {
                "infrastructure_repo": {
                    "sensitive": false,
                    "type": "string",
                    "value": "https://git-codecommit.eu-west-2.amazonaws.com/v1/repos/Infrastructure\n"
                },
                "mhn_account": {
                    "sensitive": false,
                    "type": "string",
                    "value": "\n\nUser: mhn_console\nPassword:\necho \"wcFMA8Ck/ZHI4BuWARAAdFY7OKXwTj0leY3ZKgHncLwYOxC5Rpg/wYxjxx4xNmd2XwaG4LL8ZvZD5oYvLza9PbPLciU7hAnKe1NpBkZS7GpczchyZJSw7mqHLVPUE6Hot6rKSP0xBifZB4rJMpMgGvwLD5/O2GvMl9TuDpatgwaNOW1an4KVBluQf537/jLj4Ze61zrrnk7YcHSxvoGT/lRzz7AnDia6vWeuVe9kPVol7jBFgH7M17z2ATg0FzIOJ/9SnAKdmgq2ufnAYfj4n6yoNPmLTIaKpOsaKG/PAZDuIpQ6Pf1OW/6x58BUortjW0Y5miW2r90yK4ZzMBUylhiONO3CqG0OGjAJR+ronzfvIxVfVK0eMnUtHdN361maF6FCwIuilZGrCjUfqoxxsPJZvlCTf+6vSgiUxN7qUYQ18pQYJXex7kooDpXWq4poo5vpTAxcJbEUayonbmTLj7qPClRqUi18Rm6cN5fdWmhvcbwBxx/kLW/ETPHOk09GiVDIhpcUHvnpg0fMOyq+9d8iA4FW5rlVhmM0D8D5tMaCNPH9yUo5Pyl+k6p+KMEQ8cxRF0UmdS9QHbuNWqK/2iW1BueWMaGsXAVTwxn98OnV/6ciWLhPJ+EJz8yl3Nef56uSpm/zC9Zk80j8u4AhLy1DcCMmK6q1kEnTZ/H9dH07GlK6WeZKQ5SLn3d5rBXS4AHkEemvnGBzdBxtLuWkraXPKOH48+Cg4LrhRIDgxeIKezO34PTk7MW3yHD1vS8s8ARVTNrZvOBS4tH/UOjgFeSTDVjJJRaCNeMxUT2DeLXc4hUJ2pTheLUA\" | base64 --decode | gpg --decrypt\n\nUser: mhn_cli\nAccess ID: AKIAJSLMXC3DPSBSQDVQ\nAccess key:\necho \"wcFMA8Ck/ZHI4BuWARAAT1zK456N/4Eln8Ax74UouaoH84J7VLKkB5B4PTiuJxbjDsTKzZrgVT9tYh1T23WXz0O26hUByh7gDi9oDyzb727/fZUIWF61BkVrccTCNLq0X+jkENelPUjez3uDjZD6Ul//8WIwzKOJCEkUlvYmDFp1L5VMc6Iq2olbo+KZRS6GGUjl9l2+38RXzzKyntoQ5POiPkIaZlZZJdax5NjsEsIbHF+EVtQifRX/T2qEkZfuYdaeb4d4k/8ALju+gojEWkJw/nwgAvOHagw8NmHCFK3HDN5jqDCJxR0qRhaQQbO/+75NGG+jF0X4I2oJ9Xjz1kiD6nTlBMMWWeqMJreK5lXUoNNYIr8qwGTAOr810LpUfsbQDOxBjgvqoOk6y30RsFiWt0Ltvu1yg9651QI9lL363cDFg/w4c2NHnQ8iwDr0YgG+jOkKj/CoaFgCF2ii/LCWGEdHFbyasiUdxTJtFzS1TQRFF8vCDvtK2slYtFxPlqyCAZj+jdi804sCJYetEQn85WthWsWRV4APlBDkr17H2R1IaH+jMZPZhyKq+HotkNqZg3GcHkWkVv65gn4KpPHitPzBfi9Ckb9Rb4TCpr/aNxM9XaQKT/0Oj5aONV5dUIDICZPtUF7gHCsNLZrkbmP+BU7Gys+WXVfgb2yof6HtfYaX7viPpA6vKSu1nbTS4AHkawGqmorQi2NoxJoKAsEZ3OEJxeAu4Ibh89PgTeK00PLV4Pfl8xVIpG218Oa7sPgAef/teaLwnQ5Bo5ByiqinCz9U9GDgZuMBYfMJMy0V8eAA5PbbWLFQYkp/ZyCnBDN5gUTitvayLeEXqwA=\" | base64 --decode | gpg --decrypt\n"
                },
                "mhn_me_repo": {
                    "sensitive": false,
                    "type": "string",
                    "value": "https://git-codecommit.eu-west-2.amazonaws.com/v1/repos/mhn.me\n"
                }
            },
            "resources": {},
            "depends_on": []
        },
        {
            "path": [
                "root",
                "group_admin_cli"
            ],
            "outputs": {},
            "resources": {
                "aws_iam_group.group": {
                    "type": "aws_iam_group",
                    "depends_on": [],
                    "primary": {
                        "id": "admin_cli",
                        "attributes": {
                            "arn": "arn:aws:iam::049681365170:group/admin_cli",
                            "id": "admin_cli",
                            "name": "admin_cli",
                            "path": "/",
                            "unique_id": "AGPAIZ2YB37X6G27MHL2C"
                        },
                        "meta": {},
                        "tainted": false
                    },
                    "deposed": [],
                    "provider": "provider.aws"
                },
                "aws_iam_group_policy_attachment.attachment": {
                    "type": "aws_iam_group_policy_attachment",
                    "depends_on": [
                        "aws_iam_group.group",
                        "aws_iam_policy.policy"
                    ],
                    "primary": {
                        "id": "admin_cli-20180909164016271300000001",
                        "attributes": {
                            "group": "admin_cli",
                            "id": "admin_cli-20180909164016271300000001",
                            "policy_arn": "arn:aws:iam::049681365170:policy/GroupAdminCli"
                        },
                        "meta": {},
                        "tainted": false
                    },
                    "deposed": [],
                    "provider": "provider.aws"
                },
                "aws_iam_policy.policy": {
                    "type": "aws_iam_policy",
                    "depends_on": [],
                    "primary": {
                        "id": "arn:aws:iam::049681365170:policy/GroupAdminCli",
                        "attributes": {
                            "arn": "arn:aws:iam::049681365170:policy/GroupAdminCli",
                            "id": "arn:aws:iam::049681365170:policy/GroupAdminCli",
                            "name": "GroupAdminCli",
                            "path": "/",
                            "policy": "{\n  \"Version\": \"2012-10-17\",\n  \"Statement\": [\n    {\n      \"Sid\": \"GroupAdminCli\",\n      \"Action\": \"*\",\n      \"Effect\": \"Allow\",\n      \"Resource\": \"*\"\n    }\n  ]\n}"
                        },
                        "meta": {},
                        "tainted": false
                    },
                    "deposed": [],
                    "provider": "provider.aws"
                }
            },
            "depends_on": []
        },
        {
            "path": [
                "root",
                "group_admin_console"
            ],
            "outputs": {},
            "resources": {
                "aws_iam_group.group": {
                    "type": "aws_iam_group",
                    "depends_on": [],
                    "primary": {
                        "id": "admin_console",
                        "attributes": {
                            "arn": "arn:aws:iam::049681365170:group/admin_console",
                            "id": "admin_console",
                            "name": "admin_console",
                            "path": "/",
                            "unique_id": "AGPAJY2AID7MLDEHHUTEA"
                        },
                        "meta": {},
                        "tainted": false
                    },
                    "deposed": [],
                    "provider": "provider.aws"
                },
                "aws_iam_group_policy_attachment.attachment": {
                    "type": "aws_iam_group_policy_attachment",
                    "depends_on": [
                        "aws_iam_group.group",
                        "aws_iam_policy.policy"
                    ],
                    "primary": {
                        "id": "admin_console-20180909164016281300000002",
                        "attributes": {
                            "group": "admin_console",
                            "id": "admin_console-20180909164016281300000002",
                            "policy_arn": "arn:aws:iam::049681365170:policy/GroupAdminConsole"
                        },
                        "meta": {},
                        "tainted": false
                    },
                    "deposed": [],
                    "provider": "provider.aws"
                },
                "aws_iam_policy.policy": {
                    "type": "aws_iam_policy",
                    "depends_on": [],
                    "primary": {
                        "id": "arn:aws:iam::049681365170:policy/GroupAdminConsole",
                        "attributes": {
                            "arn": "arn:aws:iam::049681365170:policy/GroupAdminConsole",
                            "id": "arn:aws:iam::049681365170:policy/GroupAdminConsole",
                            "name": "GroupAdminConsole",
                            "path": "/",
                            "policy": "{\n  \"Version\": \"2012-10-17\",\n  \"Statement\": [\n    {\n      \"Sid\": \"GroupAdminConsole\",\n      \"Action\": \"*\",\n      \"Effect\": \"Allow\",\n      \"Resource\": \"*\"\n    }\n  ]\n}"
                        },
                        "meta": {},
                        "tainted": false
                    },
                    "deposed": [],
                    "provider": "provider.aws"
                }
            },
            "depends_on": []
        },
        {
            "path": [
                "root",
                "infrastructure"
            ],
            "outputs": {
                "repository_url": {
                    "sensitive": false,
                    "type": "string",
                    "value": "https://git-codecommit.eu-west-2.amazonaws.com/v1/repos/Infrastructure"
                }
            },
            "resources": {
                "aws_codecommit_repository.repo": {
                    "type": "aws_codecommit_repository",
                    "depends_on": [],
                    "primary": {
                        "id": "Infrastructure",
                        "attributes": {
                            "arn": "arn:aws:codecommit:eu-west-2:049681365170:Infrastructure",
                            "clone_url_http": "https://git-codecommit.eu-west-2.amazonaws.com/v1/repos/Infrastructure",
                            "clone_url_ssh": "ssh://git-codecommit.eu-west-2.amazonaws.com/v1/repos/Infrastructure",
                            "description": "General infrastructure provisioning",
                            "id": "Infrastructure",
                            "repository_id": "50d0f7cc-699e-4cc7-9ab0-ad8ba9cc1530",
                            "repository_name": "Infrastructure"
                        },
                        "meta": {},
                        "tainted": false
                    },
                    "deposed": [],
                    "provider": "provider.aws"
                }
            },
            "depends_on": []
        },
        {
            "path": [
                "root",
                "mhn_accounts"
            ],
            "outputs": {
                "access_token": {
                    "sensitive": false,
                    "type": "string",
                    "value": "User: mhn_cli\nAccess ID: AKIAJSLMXC3DPSBSQDVQ\nAccess key:\necho \"wcFMA8Ck/ZHI4BuWARAAT1zK456N/4Eln8Ax74UouaoH84J7VLKkB5B4PTiuJxbjDsTKzZrgVT9tYh1T23WXz0O26hUByh7gDi9oDyzb727/fZUIWF61BkVrccTCNLq0X+jkENelPUjez3uDjZD6Ul//8WIwzKOJCEkUlvYmDFp1L5VMc6Iq2olbo+KZRS6GGUjl9l2+38RXzzKyntoQ5POiPkIaZlZZJdax5NjsEsIbHF+EVtQifRX/T2qEkZfuYdaeb4d4k/8ALju+gojEWkJw/nwgAvOHagw8NmHCFK3HDN5jqDCJxR0qRhaQQbO/+75NGG+jF0X4I2oJ9Xjz1kiD6nTlBMMWWeqMJreK5lXUoNNYIr8qwGTAOr810LpUfsbQDOxBjgvqoOk6y30RsFiWt0Ltvu1yg9651QI9lL363cDFg/w4c2NHnQ8iwDr0YgG+jOkKj/CoaFgCF2ii/LCWGEdHFbyasiUdxTJtFzS1TQRFF8vCDvtK2slYtFxPlqyCAZj+jdi804sCJYetEQn85WthWsWRV4APlBDkr17H2R1IaH+jMZPZhyKq+HotkNqZg3GcHkWkVv65gn4KpPHitPzBfi9Ckb9Rb4TCpr/aNxM9XaQKT/0Oj5aONV5dUIDICZPtUF7gHCsNLZrkbmP+BU7Gys+WXVfgb2yof6HtfYaX7viPpA6vKSu1nbTS4AHkawGqmorQi2NoxJoKAsEZ3OEJxeAu4Ibh89PgTeK00PLV4Pfl8xVIpG218Oa7sPgAef/teaLwnQ5Bo5ByiqinCz9U9GDgZuMBYfMJMy0V8eAA5PbbWLFQYkp/ZyCnBDN5gUTitvayLeEXqwA=\" | base64 --decode | gpg --decrypt"
                },
                "password": {
                    "sensitive": false,
                    "type": "string",
                    "value": "User: mhn_console\nPassword:\necho \"wcFMA8Ck/ZHI4BuWARAAdFY7OKXwTj0leY3ZKgHncLwYOxC5Rpg/wYxjxx4xNmd2XwaG4LL8ZvZD5oYvLza9PbPLciU7hAnKe1NpBkZS7GpczchyZJSw7mqHLVPUE6Hot6rKSP0xBifZB4rJMpMgGvwLD5/O2GvMl9TuDpatgwaNOW1an4KVBluQf537/jLj4Ze61zrrnk7YcHSxvoGT/lRzz7AnDia6vWeuVe9kPVol7jBFgH7M17z2ATg0FzIOJ/9SnAKdmgq2ufnAYfj4n6yoNPmLTIaKpOsaKG/PAZDuIpQ6Pf1OW/6x58BUortjW0Y5miW2r90yK4ZzMBUylhiONO3CqG0OGjAJR+ronzfvIxVfVK0eMnUtHdN361maF6FCwIuilZGrCjUfqoxxsPJZvlCTf+6vSgiUxN7qUYQ18pQYJXex7kooDpXWq4poo5vpTAxcJbEUayonbmTLj7qPClRqUi18Rm6cN5fdWmhvcbwBxx/kLW/ETPHOk09GiVDIhpcUHvnpg0fMOyq+9d8iA4FW5rlVhmM0D8D5tMaCNPH9yUo5Pyl+k6p+KMEQ8cxRF0UmdS9QHbuNWqK/2iW1BueWMaGsXAVTwxn98OnV/6ciWLhPJ+EJz8yl3Nef56uSpm/zC9Zk80j8u4AhLy1DcCMmK6q1kEnTZ/H9dH07GlK6WeZKQ5SLn3d5rBXS4AHkEemvnGBzdBxtLuWkraXPKOH48+Cg4LrhRIDgxeIKezO34PTk7MW3yHD1vS8s8ARVTNrZvOBS4tH/UOjgFeSTDVjJJRaCNeMxUT2DeLXc4hUJ2pTheLUA\" | base64 --decode | gpg --decrypt"
                }
            },
            "resources": {
                "aws_iam_access_key.cli_user_access_key": {
                    "type": "aws_iam_access_key",
                    "depends_on": [
                        "aws_iam_user.cli_user"
                    ],
                    "primary": {
                        "id": "AKIAJSLMXC3DPSBSQDVQ",
                        "attributes": {
                            "encrypted_secret": "wcFMA8Ck/ZHI4BuWARAAT1zK456N/4Eln8Ax74UouaoH84J7VLKkB5B4PTiuJxbjDsTKzZrgVT9tYh1T23WXz0O26hUByh7gDi9oDyzb727/fZUIWF61BkVrccTCNLq0X+jkENelPUjez3uDjZD6Ul//8WIwzKOJCEkUlvYmDFp1L5VMc6Iq2olbo+KZRS6GGUjl9l2+38RXzzKyntoQ5POiPkIaZlZZJdax5NjsEsIbHF+EVtQifRX/T2qEkZfuYdaeb4d4k/8ALju+gojEWkJw/nwgAvOHagw8NmHCFK3HDN5jqDCJxR0qRhaQQbO/+75NGG+jF0X4I2oJ9Xjz1kiD6nTlBMMWWeqMJreK5lXUoNNYIr8qwGTAOr810LpUfsbQDOxBjgvqoOk6y30RsFiWt0Ltvu1yg9651QI9lL363cDFg/w4c2NHnQ8iwDr0YgG+jOkKj/CoaFgCF2ii/LCWGEdHFbyasiUdxTJtFzS1TQRFF8vCDvtK2slYtFxPlqyCAZj+jdi804sCJYetEQn85WthWsWRV4APlBDkr17H2R1IaH+jMZPZhyKq+HotkNqZg3GcHkWkVv65gn4KpPHitPzBfi9Ckb9Rb4TCpr/aNxM9XaQKT/0Oj5aONV5dUIDICZPtUF7gHCsNLZrkbmP+BU7Gys+WXVfgb2yof6HtfYaX7viPpA6vKSu1nbTS4AHkawGqmorQi2NoxJoKAsEZ3OEJxeAu4Ibh89PgTeK00PLV4Pfl8xVIpG218Oa7sPgAef/teaLwnQ5Bo5ByiqinCz9U9GDgZuMBYfMJMy0V8eAA5PbbWLFQYkp/ZyCnBDN5gUTitvayLeEXqwA=",
                            "id": "AKIAJSLMXC3DPSBSQDVQ",
                            "key_fingerprint": "c20fd9a16926685a2a559ed6ceb6284318d14c30",
                            "pgp_key": "keybase:mhn",
                            "ses_smtp_password": "Aq0ydO+LifTE+EjfDB0iMWwUAZz0iEsJwcvp2d6pjoBm",
                            "status": "Active",
                            "user": "mhn_cli"
                        },
                        "meta": {},
                        "tainted": false
                    },
                    "deposed": [],
                    "provider": "provider.aws"
                },
                "aws_iam_user.cli_user": {
                    "type": "aws_iam_user",
                    "depends_on": [],
                    "primary": {
                        "id": "mhn_cli",
                        "attributes": {
                            "arn": "arn:aws:iam::049681365170:user/mhn_cli",
                            "force_destroy": "true",
                            "id": "mhn_cli",
                            "name": "mhn_cli",
                            "path": "/",
                            "unique_id": "AIDAIVBNHBEOGC425WBAK"
                        },
                        "meta": {},
                        "tainted": false
                    },
                    "deposed": [],
                    "provider": "provider.aws"
                },
                "aws_iam_user.console_user": {
                    "type": "aws_iam_user",
                    "depends_on": [],
                    "primary": {
                        "id": "mhn_console",
                        "attributes": {
                            "arn": "arn:aws:iam::049681365170:user/mhn_console",
                            "force_destroy": "true",
                            "id": "mhn_console",
                            "name": "mhn_console",
                            "path": "/",
                            "unique_id": "AIDAISKHFWDZURZU4APWK"
                        },
                        "meta": {},
                        "tainted": false
                    },
                    "deposed": [],
                    "provider": "provider.aws"
                },
                "aws_iam_user_group_membership.cli_user_groups": {
                    "type": "aws_iam_user_group_membership",
                    "depends_on": [
                        "aws_iam_user.cli_user"
                    ],
                    "primary": {
                        "id": "terraform-20180909164016648400000003",
                        "attributes": {
                            "groups.#": "1",
                            "groups.1815547551": "admin_cli",
                            "id": "terraform-20180909164016648400000003",
                            "user": "mhn_cli"
                        },
                        "meta": {},
                        "tainted": false
                    },
                    "deposed": [],
                    "provider": "provider.aws"
                },
                "aws_iam_user_group_membership.console_user_groups": {
                    "type": "aws_iam_user_group_membership",
                    "depends_on": [
                        "aws_iam_user.console_user"
                    ],
                    "primary": {
                        "id": "terraform-20180909164016658300000004",
                        "attributes": {
                            "groups.#": "1",
                            "groups.3583841497": "admin_console",
                            "id": "terraform-20180909164016658300000004",
                            "user": "mhn_console"
                        },
                        "meta": {},
                        "tainted": false
                    },
                    "deposed": [],
                    "provider": "provider.aws"
                },
                "aws_iam_user_login_profile.console_user_login_profile": {
                    "type": "aws_iam_user_login_profile",
                    "depends_on": [
                        "aws_iam_user.console_user"
                    ],
                    "primary": {
                        "id": "mhn_console",
                        "attributes": {
                            "encrypted_password": "wcFMA8Ck/ZHI4BuWARAAdFY7OKXwTj0leY3ZKgHncLwYOxC5Rpg/wYxjxx4xNmd2XwaG4LL8ZvZD5oYvLza9PbPLciU7hAnKe1NpBkZS7GpczchyZJSw7mqHLVPUE6Hot6rKSP0xBifZB4rJMpMgGvwLD5/O2GvMl9TuDpatgwaNOW1an4KVBluQf537/jLj4Ze61zrrnk7YcHSxvoGT/lRzz7AnDia6vWeuVe9kPVol7jBFgH7M17z2ATg0FzIOJ/9SnAKdmgq2ufnAYfj4n6yoNPmLTIaKpOsaKG/PAZDuIpQ6Pf1OW/6x58BUortjW0Y5miW2r90yK4ZzMBUylhiONO3CqG0OGjAJR+ronzfvIxVfVK0eMnUtHdN361maF6FCwIuilZGrCjUfqoxxsPJZvlCTf+6vSgiUxN7qUYQ18pQYJXex7kooDpXWq4poo5vpTAxcJbEUayonbmTLj7qPClRqUi18Rm6cN5fdWmhvcbwBxx/kLW/ETPHOk09GiVDIhpcUHvnpg0fMOyq+9d8iA4FW5rlVhmM0D8D5tMaCNPH9yUo5Pyl+k6p+KMEQ8cxRF0UmdS9QHbuNWqK/2iW1BueWMaGsXAVTwxn98OnV/6ciWLhPJ+EJz8yl3Nef56uSpm/zC9Zk80j8u4AhLy1DcCMmK6q1kEnTZ/H9dH07GlK6WeZKQ5SLn3d5rBXS4AHkEemvnGBzdBxtLuWkraXPKOH48+Cg4LrhRIDgxeIKezO34PTk7MW3yHD1vS8s8ARVTNrZvOBS4tH/UOjgFeSTDVjJJRaCNeMxUT2DeLXc4hUJ2pTheLUA",
                            "id": "mhn_console",
                            "key_fingerprint": "c20fd9a16926685a2a559ed6ceb6284318d14c30",
                            "password_length": "20",
                            "password_reset_required": "true",
                            "pgp_key": "keybase:mhn",
                            "user": "mhn_console"
                        },
                        "meta": {},
                        "tainted": false
                    },
                    "deposed": [],
                    "provider": "provider.aws"
                }
            },
            "depends_on": []
        },
        {
            "path": [
                "root",
                "mhn_me"
            ],
            "outputs": {
                "repository_url": {
                    "sensitive": false,
                    "type": "string",
                    "value": "https://git-codecommit.eu-west-2.amazonaws.com/v1/repos/mhn.me"
                }
            },
            "resources": {
                "aws_codecommit_repository.repo": {
                    "type": "aws_codecommit_repository",
                    "depends_on": [],
                    "primary": {
                        "id": "mhn.me",
                        "attributes": {
                            "arn": "arn:aws:codecommit:eu-west-2:049681365170:mhn.me",
                            "clone_url_http": "https://git-codecommit.eu-west-2.amazonaws.com/v1/repos/mhn.me",
                            "clone_url_ssh": "ssh://git-codecommit.eu-west-2.amazonaws.com/v1/repos/mhn.me",
                            "description": "My personal homepage",
                            "id": "mhn.me",
                            "repository_id": "4001e183-dd08-4097-8914-eeb9afe2003a",
                            "repository_name": "mhn.me"
                        },
                        "meta": {},
                        "tainted": false
                    },
                    "deposed": [],
                    "provider": "provider.aws"
                }
            },
            "depends_on": []
        }
    ]
}
