{
    "version": 3,
    "terraform_version": "0.11.8",
    "serial": 48,
    "lineage": "05836ba1-39b9-da51-d1a0-276cb4c88d42",
    "modules": [
        {
            "path": [
                "root"
            ],
            "outputs": {
                "mhn-account": {
                    "sensitive": false,
                    "type": "string",
                    "value": "Username: mhn\nPassword:\necho \"{$password}\" | base64 --decode | gpg --decrypt\n\nKey ID: AKIAJHN6B677SLJK6YDA\nKey secret:\necho \"wcFMA8Ck/ZHI4BuWARAAz2FTjhxH7vfu7+0Drl64UtanIpnE0Ta5SvHnvfQLhmU0tERy1+FHvkzDU2fd6Az+LerO3GEOfTWvGeyr7R5OYWBtE+FAXNy9f0ZngJ1I1OYkLYqWtgGfFxZde2ZeVgSB9kmOx356CgjQ0BJps/o6CSH/3WtvNRhWUnUNlWUurLYsvw7xYQEfo33nsC8TYjhfnGYQaWsFfIuAwbJnOtbGOFkY5J3yVcwBtLRpN+fuexrDQH5mUQdXcoRUmCQ9dmUOgteji8/5U9w/2RHdBw6h6XsNuSS4ceNaL05lBH44TFJxQkSKiREx399rWk+l0O2cXTc4nAwDLlj6sIsSL31R3vUeWVV5qhmw+fnk7lPd4iMRJC7xfKCsh4ebdoLIT/jjPM6G8/vLSblVQP9oRHol9SHw+BCCCvlZm+JT+AEC+OJ3ds+nfS9xOTHwts3nsBcD/24xjQEdyEJxYaxdWfOdgwtonWYLwNimL1lbHzZtCy8gbH+Nq/8WFfycwpsmLbQNOGAcepvRhWfJft4E/tlec/DsOZzmEiMW8OoeYVIn/4fWD9pEWAY5kvhmSpKNmVPPxNY76Cad7IRMEl2yWLN5ClpWZ/Nxn3V5R7OMjn7hweBZck4thjjfrCNeL1af+jr1MaH5zgz4/9DTU6XqrLSwDkMuSB1XO57RLVUHeCd9ITHS4AHk6nywuVd1xa0UYxSGHPCPjOGQqOC64NfhFALgkuIjXtYm4KDlqlgvSJxL64Z8mkV2t8Thrn0aJm8434CZSGwD1mxIAxHgCOOFYagkXRmGDuBR5LJ8v+b6wDumTcoy2W59193iC6ah4uHlFwA=\" | base64 --decode | gpg --decrypt"
                },
                "repo-url": {
                    "sensitive": false,
                    "type": "string",
                    "value": "https://git-codecommit.eu-west-2.amazonaws.com/v1/repos/Services\n"
                }
            },
            "resources": {
                "data.template_file.output": {
                    "type": "template_file",
                    "depends_on": [
                        "module.mhn"
                    ],
                    "primary": {
                        "id": "5579ac1131344d4e92b2b0504cdc098f54f65f531e831abdf984708fb66615b5",
                        "attributes": {
                            "id": "5579ac1131344d4e92b2b0504cdc098f54f65f531e831abdf984708fb66615b5",
                            "rendered": "Username: mhn\nPassword:\necho \"{$password}\" | base64 --decode | gpg --decrypt\n\nKey ID: AKIAJHN6B677SLJK6YDA\nKey secret:\necho \"wcFMA8Ck/ZHI4BuWARAAz2FTjhxH7vfu7+0Drl64UtanIpnE0Ta5SvHnvfQLhmU0tERy1+FHvkzDU2fd6Az+LerO3GEOfTWvGeyr7R5OYWBtE+FAXNy9f0ZngJ1I1OYkLYqWtgGfFxZde2ZeVgSB9kmOx356CgjQ0BJps/o6CSH/3WtvNRhWUnUNlWUurLYsvw7xYQEfo33nsC8TYjhfnGYQaWsFfIuAwbJnOtbGOFkY5J3yVcwBtLRpN+fuexrDQH5mUQdXcoRUmCQ9dmUOgteji8/5U9w/2RHdBw6h6XsNuSS4ceNaL05lBH44TFJxQkSKiREx399rWk+l0O2cXTc4nAwDLlj6sIsSL31R3vUeWVV5qhmw+fnk7lPd4iMRJC7xfKCsh4ebdoLIT/jjPM6G8/vLSblVQP9oRHol9SHw+BCCCvlZm+JT+AEC+OJ3ds+nfS9xOTHwts3nsBcD/24xjQEdyEJxYaxdWfOdgwtonWYLwNimL1lbHzZtCy8gbH+Nq/8WFfycwpsmLbQNOGAcepvRhWfJft4E/tlec/DsOZzmEiMW8OoeYVIn/4fWD9pEWAY5kvhmSpKNmVPPxNY76Cad7IRMEl2yWLN5ClpWZ/Nxn3V5R7OMjn7hweBZck4thjjfrCNeL1af+jr1MaH5zgz4/9DTU6XqrLSwDkMuSB1XO57RLVUHeCd9ITHS4AHk6nywuVd1xa0UYxSGHPCPjOGQqOC64NfhFALgkuIjXtYm4KDlqlgvSJxL64Z8mkV2t8Thrn0aJm8434CZSGwD1mxIAxHgCOOFYagkXRmGDuBR5LJ8v+b6wDumTcoy2W59193iC6ah4uHlFwA=\" | base64 --decode | gpg --decrypt",
                            "template": "Username: ${name}\nPassword:\necho \"{$password}\" | base64 --decode | gpg --decrypt\n\nKey ID: ${access-key-id}\nKey secret:\necho \"${access-key-secret}\" | base64 --decode | gpg --decrypt",
                            "vars.%": "4",
                            "vars.access-key-id": "AKIAJHN6B677SLJK6YDA",
                            "vars.access-key-secret": "wcFMA8Ck/ZHI4BuWARAAz2FTjhxH7vfu7+0Drl64UtanIpnE0Ta5SvHnvfQLhmU0tERy1+FHvkzDU2fd6Az+LerO3GEOfTWvGeyr7R5OYWBtE+FAXNy9f0ZngJ1I1OYkLYqWtgGfFxZde2ZeVgSB9kmOx356CgjQ0BJps/o6CSH/3WtvNRhWUnUNlWUurLYsvw7xYQEfo33nsC8TYjhfnGYQaWsFfIuAwbJnOtbGOFkY5J3yVcwBtLRpN+fuexrDQH5mUQdXcoRUmCQ9dmUOgteji8/5U9w/2RHdBw6h6XsNuSS4ceNaL05lBH44TFJxQkSKiREx399rWk+l0O2cXTc4nAwDLlj6sIsSL31R3vUeWVV5qhmw+fnk7lPd4iMRJC7xfKCsh4ebdoLIT/jjPM6G8/vLSblVQP9oRHol9SHw+BCCCvlZm+JT+AEC+OJ3ds+nfS9xOTHwts3nsBcD/24xjQEdyEJxYaxdWfOdgwtonWYLwNimL1lbHzZtCy8gbH+Nq/8WFfycwpsmLbQNOGAcepvRhWfJft4E/tlec/DsOZzmEiMW8OoeYVIn/4fWD9pEWAY5kvhmSpKNmVPPxNY76Cad7IRMEl2yWLN5ClpWZ/Nxn3V5R7OMjn7hweBZck4thjjfrCNeL1af+jr1MaH5zgz4/9DTU6XqrLSwDkMuSB1XO57RLVUHeCd9ITHS4AHk6nywuVd1xa0UYxSGHPCPjOGQqOC64NfhFALgkuIjXtYm4KDlqlgvSJxL64Z8mkV2t8Thrn0aJm8434CZSGwD1mxIAxHgCOOFYagkXRmGDuBR5LJ8v+b6wDumTcoy2W59193iC6ah4uHlFwA=",
                            "vars.name": "mhn",
                            "vars.password": "wcFMA8Ck/ZHI4BuWARAAGwqsAOk0HbVYxAffDmFoaTQzX/GjqdMb2KcZ+QT1irFgKwSs9/BnfgVHtw4jslJY8Stv2e9yF2f3E3/zlwk26/8r8vfpim5pEZgj0tFLL5u4jqkd1SeONQHg4HPOtY1RbsOM3+tlrXjbmYEXUjELC5Hkn7ARnWAkWODVCX0w+NlVngu1I6GowEmrqJQBDjXhSUuuUzAOnH1T0dBTPOv9RYooWJWSDaSPOEyhsShzf1mNROtaSD3py3BOby7DKKBfjdMV+gJ5IrHtTp1QuejtlNlTqwG7KeVyXN3fBriAy/QxX+7PjQacdB6/RKtlLdSNl1q4SM7pqIZj+F8uhzxrtaM2k6XS3avC/7zfE0/+yQtoDnshxfaVzWqiLX+OHXglNsRuB0uH3rGHvOapdMcdPDMjtT0aVwqC1znZ9InUSHFuCHzAH/ZkK+Sy62ayZ6cWC6GX2cn/nn3YlTbioOO0FhQWM6iYj3rI3pC+1CHopC76PBVt0+17qnuvEJ2YanjxKecorGhlNLkzaP8um+Ciivs2ewxYfybBBXksr5G17RKsgURmuEcUdZQyxxnr+Y1RyNLa9T0HORma9PWjjYhj/bCrvtbI1TOp2TtZUokmGRMsIjFDBFfhQ4ObEQJc4EJss9HQcVJDd8TRnZ0vJiHhM3T+PRo+ir0aqXYn+D7Xo9bS4AHk8pDMrAp6dJ+zlondalz/E+GEg+BY4JvhTBngJuJDifB54O7kK0KaD8bvu9UwV2RpKuMZReDF4jiDSR/gkOSruFGrnIFMHz1999bKhFki4nApLd7hPqwA"
                        },
                        "meta": {},
                        "tainted": false
                    },
                    "deposed": [],
                    "provider": "provider.template"
                }
            },
            "depends_on": []
        },
        {
            "path": [
                "root",
                "dev-vpc"
            ],
            "outputs": {
                "arn": {
                    "sensitive": false,
                    "type": "string",
                    "value": "arn:aws:ec2:eu-west-2:049681365170:vpc/vpc-04eb35425c336e31a"
                },
                "id": {
                    "sensitive": false,
                    "type": "string",
                    "value": "vpc-04eb35425c336e31a"
                }
            },
            "resources": {
                "aws_vpc.vpc": {
                    "type": "aws_vpc",
                    "depends_on": [],
                    "primary": {
                        "id": "vpc-04eb35425c336e31a",
                        "attributes": {
                            "arn": "arn:aws:ec2:eu-west-2:049681365170:vpc/vpc-04eb35425c336e31a",
                            "assign_generated_ipv6_cidr_block": "false",
                            "cidr_block": "10.0.2.0/24",
                            "default_network_acl_id": "acl-0a311ec457fdda490",
                            "default_route_table_id": "rtb-06837d4b7d27e8343",
                            "default_security_group_id": "sg-0feee819738f4d61c",
                            "dhcp_options_id": "dopt-96432cfe",
                            "enable_dns_hostnames": "false",
                            "enable_dns_support": "true",
                            "id": "vpc-04eb35425c336e31a",
                            "instance_tenancy": "default",
                            "main_route_table_id": "rtb-06837d4b7d27e8343",
                            "tags.%": "1",
                            "tags.Name": "dev-mhn-me"
                        },
                        "meta": {
                            "schema_version": "1"
                        },
                        "tainted": false
                    },
                    "deposed": [],
                    "provider": "provider.aws"
                }
            },
            "depends_on": []
        },
        {
            "path": [
                "root",
                "domain-name"
            ],
            "outputs": {
                "id": {
                    "sensitive": false,
                    "type": "string",
                    "value": "Z2MKO4O7N8RQ00"
                }
            },
            "resources": {
                "aws_route53_record.dev-ns.0": {
                    "type": "aws_route53_record",
                    "depends_on": [
                        "aws_route53_zone.subdomains",
                        "aws_route53_zone.zone"
                    ],
                    "primary": {
                        "id": "Z2MKO4O7N8RQ00_www.mhn.me_NS",
                        "attributes": {
                            "allow_overwrite": "true",
                            "fqdn": "www.mhn.me",
                            "health_check_id": "",
                            "id": "Z2MKO4O7N8RQ00_www.mhn.me_NS",
                            "name": "www.mhn.me",
                            "records.#": "4",
                            "records.3242278974": "ns-1656.awsdns-15.co.uk",
                            "records.3709826042": "ns-1166.awsdns-17.org",
                            "records.4271322497": "ns-649.awsdns-17.net",
                            "records.777692162": "ns-396.awsdns-49.com",
                            "set_identifier": "",
                            "ttl": "30",
                            "type": "NS",
                            "zone_id": "Z2MKO4O7N8RQ00"
                        },
                        "meta": {
                            "schema_version": "2"
                        },
                        "tainted": false
                    },
                    "deposed": [],
                    "provider": "provider.aws"
                },
                "aws_route53_record.dev-ns.1": {
                    "type": "aws_route53_record",
                    "depends_on": [
                        "aws_route53_zone.subdomains",
                        "aws_route53_zone.zone"
                    ],
                    "primary": {
                        "id": "Z2MKO4O7N8RQ00_dev.mhn.me_NS",
                        "attributes": {
                            "allow_overwrite": "true",
                            "fqdn": "dev.mhn.me",
                            "health_check_id": "",
                            "id": "Z2MKO4O7N8RQ00_dev.mhn.me_NS",
                            "name": "dev.mhn.me",
                            "records.#": "4",
                            "records.3242278974": "ns-1656.awsdns-15.co.uk",
                            "records.3709826042": "ns-1166.awsdns-17.org",
                            "records.4271322497": "ns-649.awsdns-17.net",
                            "records.777692162": "ns-396.awsdns-49.com",
                            "set_identifier": "",
                            "ttl": "30",
                            "type": "NS",
                            "zone_id": "Z2MKO4O7N8RQ00"
                        },
                        "meta": {
                            "schema_version": "2"
                        },
                        "tainted": false
                    },
                    "deposed": [],
                    "provider": "provider.aws"
                },
                "aws_route53_zone.subdomains.0": {
                    "type": "aws_route53_zone",
                    "depends_on": [],
                    "primary": {
                        "id": "ZLS67V7A03SHB",
                        "attributes": {
                            "comment": "Managed by Terraform",
                            "force_destroy": "false",
                            "id": "ZLS67V7A03SHB",
                            "name": "www.mhn.me",
                            "name_servers.#": "4",
                            "name_servers.0": "ns-1166.awsdns-17.org",
                            "name_servers.1": "ns-1656.awsdns-15.co.uk",
                            "name_servers.2": "ns-396.awsdns-49.com",
                            "name_servers.3": "ns-649.awsdns-17.net",
                            "tags.%": "0",
                            "zone_id": "ZLS67V7A03SHB"
                        },
                        "meta": {},
                        "tainted": false
                    },
                    "deposed": [],
                    "provider": "provider.aws"
                },
                "aws_route53_zone.subdomains.1": {
                    "type": "aws_route53_zone",
                    "depends_on": [],
                    "primary": {
                        "id": "Z1O2HMV1HLHIG6",
                        "attributes": {
                            "comment": "Managed by Terraform",
                            "force_destroy": "false",
                            "id": "Z1O2HMV1HLHIG6",
                            "name": "dev.mhn.me",
                            "name_servers.#": "4",
                            "name_servers.0": "ns-1273.awsdns-31.org",
                            "name_servers.1": "ns-1619.awsdns-10.co.uk",
                            "name_servers.2": "ns-61.awsdns-07.com",
                            "name_servers.3": "ns-840.awsdns-41.net",
                            "tags.%": "0",
                            "zone_id": "Z1O2HMV1HLHIG6"
                        },
                        "meta": {},
                        "tainted": false
                    },
                    "deposed": [],
                    "provider": "provider.aws"
                },
                "aws_route53_zone.zone": {
                    "type": "aws_route53_zone",
                    "depends_on": [],
                    "primary": {
                        "id": "Z2MKO4O7N8RQ00",
                        "attributes": {
                            "comment": "Managed by Terraform",
                            "force_destroy": "false",
                            "id": "Z2MKO4O7N8RQ00",
                            "name": "mhn.me",
                            "name_servers.#": "4",
                            "name_servers.0": "ns-0.awsdns-00.com.",
                            "name_servers.1": "ns-1024.awsdns-00.org.",
                            "name_servers.2": "ns-1536.awsdns-00.co.uk.",
                            "name_servers.3": "ns-512.awsdns-00.net.",
                            "tags.%": "0",
                            "vpc_id": "vpc-07127c8dca68c38ce",
                            "vpc_region": "eu-west-2",
                            "zone_id": "Z2MKO4O7N8RQ00"
                        },
                        "meta": {},
                        "tainted": false
                    },
                    "deposed": [],
                    "provider": "provider.aws"
                }
            },
            "depends_on": []
        },
        {
            "path": [
                "root",
                "group-admin"
            ],
            "outputs": {},
            "resources": {
                "aws_iam_group.group": {
                    "type": "aws_iam_group",
                    "depends_on": [],
                    "primary": {
                        "id": "admin",
                        "attributes": {
                            "arn": "arn:aws:iam::049681365170:group/admin",
                            "id": "admin",
                            "name": "admin",
                            "path": "/",
                            "unique_id": "AGPAIVJIMEIIYDCEAWGQA"
                        },
                        "meta": {},
                        "tainted": false
                    },
                    "deposed": [],
                    "provider": "provider.aws"
                },
                "aws_iam_group_policy_attachment.attachment": {
                    "type": "aws_iam_group_policy_attachment",
                    "depends_on": [
                        "aws_iam_group.group",
                        "aws_iam_policy.policy"
                    ],
                    "primary": {
                        "id": "admin-20180910230557670400000001",
                        "attributes": {
                            "group": "admin",
                            "id": "admin-20180910230557670400000001",
                            "policy_arn": "arn:aws:iam::049681365170:policy/admin"
                        },
                        "meta": {},
                        "tainted": false
                    },
                    "deposed": [],
                    "provider": "provider.aws"
                },
                "aws_iam_policy.policy": {
                    "type": "aws_iam_policy",
                    "depends_on": [],
                    "primary": {
                        "id": "arn:aws:iam::049681365170:policy/admin",
                        "attributes": {
                            "arn": "arn:aws:iam::049681365170:policy/admin",
                            "description": "",
                            "id": "arn:aws:iam::049681365170:policy/admin",
                            "name": "admin",
                            "path": "/",
                            "policy": "{\n  \"Version\": \"2012-10-17\",\n  \"Statement\": [\n    {\n      \"Sid\": \"admin\",\n      \"Action\": \"*\",\n      \"Effect\": \"Allow\",\n      \"Resource\": \"*\"\n    }\n  ]\n}"
                        },
                        "meta": {},
                        "tainted": false
                    },
                    "deposed": [],
                    "provider": "provider.aws"
                }
            },
            "depends_on": []
        },
        {
            "path": [
                "root",
                "mhn"
            ],
            "outputs": {
                "access-key-id": {
                    "sensitive": false,
                    "type": "string",
                    "value": "AKIAJHN6B677SLJK6YDA"
                },
                "access-key-secret": {
                    "sensitive": false,
                    "type": "string",
                    "value": "wcFMA8Ck/ZHI4BuWARAAz2FTjhxH7vfu7+0Drl64UtanIpnE0Ta5SvHnvfQLhmU0tERy1+FHvkzDU2fd6Az+LerO3GEOfTWvGeyr7R5OYWBtE+FAXNy9f0ZngJ1I1OYkLYqWtgGfFxZde2ZeVgSB9kmOx356CgjQ0BJps/o6CSH/3WtvNRhWUnUNlWUurLYsvw7xYQEfo33nsC8TYjhfnGYQaWsFfIuAwbJnOtbGOFkY5J3yVcwBtLRpN+fuexrDQH5mUQdXcoRUmCQ9dmUOgteji8/5U9w/2RHdBw6h6XsNuSS4ceNaL05lBH44TFJxQkSKiREx399rWk+l0O2cXTc4nAwDLlj6sIsSL31R3vUeWVV5qhmw+fnk7lPd4iMRJC7xfKCsh4ebdoLIT/jjPM6G8/vLSblVQP9oRHol9SHw+BCCCvlZm+JT+AEC+OJ3ds+nfS9xOTHwts3nsBcD/24xjQEdyEJxYaxdWfOdgwtonWYLwNimL1lbHzZtCy8gbH+Nq/8WFfycwpsmLbQNOGAcepvRhWfJft4E/tlec/DsOZzmEiMW8OoeYVIn/4fWD9pEWAY5kvhmSpKNmVPPxNY76Cad7IRMEl2yWLN5ClpWZ/Nxn3V5R7OMjn7hweBZck4thjjfrCNeL1af+jr1MaH5zgz4/9DTU6XqrLSwDkMuSB1XO57RLVUHeCd9ITHS4AHk6nywuVd1xa0UYxSGHPCPjOGQqOC64NfhFALgkuIjXtYm4KDlqlgvSJxL64Z8mkV2t8Thrn0aJm8434CZSGwD1mxIAxHgCOOFYagkXRmGDuBR5LJ8v+b6wDumTcoy2W59193iC6ah4uHlFwA="
                },
                "password": {
                    "sensitive": false,
                    "type": "string",
                    "value": "wcFMA8Ck/ZHI4BuWARAAGwqsAOk0HbVYxAffDmFoaTQzX/GjqdMb2KcZ+QT1irFgKwSs9/BnfgVHtw4jslJY8Stv2e9yF2f3E3/zlwk26/8r8vfpim5pEZgj0tFLL5u4jqkd1SeONQHg4HPOtY1RbsOM3+tlrXjbmYEXUjELC5Hkn7ARnWAkWODVCX0w+NlVngu1I6GowEmrqJQBDjXhSUuuUzAOnH1T0dBTPOv9RYooWJWSDaSPOEyhsShzf1mNROtaSD3py3BOby7DKKBfjdMV+gJ5IrHtTp1QuejtlNlTqwG7KeVyXN3fBriAy/QxX+7PjQacdB6/RKtlLdSNl1q4SM7pqIZj+F8uhzxrtaM2k6XS3avC/7zfE0/+yQtoDnshxfaVzWqiLX+OHXglNsRuB0uH3rGHvOapdMcdPDMjtT0aVwqC1znZ9InUSHFuCHzAH/ZkK+Sy62ayZ6cWC6GX2cn/nn3YlTbioOO0FhQWM6iYj3rI3pC+1CHopC76PBVt0+17qnuvEJ2YanjxKecorGhlNLkzaP8um+Ciivs2ewxYfybBBXksr5G17RKsgURmuEcUdZQyxxnr+Y1RyNLa9T0HORma9PWjjYhj/bCrvtbI1TOp2TtZUokmGRMsIjFDBFfhQ4ObEQJc4EJss9HQcVJDd8TRnZ0vJiHhM3T+PRo+ir0aqXYn+D7Xo9bS4AHk8pDMrAp6dJ+zlondalz/E+GEg+BY4JvhTBngJuJDifB54O7kK0KaD8bvu9UwV2RpKuMZReDF4jiDSR/gkOSruFGrnIFMHz1999bKhFki4nApLd7hPqwA"
                }
            },
            "resources": {
                "aws_iam_access_key.user-access-key": {
                    "type": "aws_iam_access_key",
                    "depends_on": [
                        "aws_iam_user.user"
                    ],
                    "primary": {
                        "id": "AKIAJHN6B677SLJK6YDA",
                        "attributes": {
                            "encrypted_secret": "wcFMA8Ck/ZHI4BuWARAAz2FTjhxH7vfu7+0Drl64UtanIpnE0Ta5SvHnvfQLhmU0tERy1+FHvkzDU2fd6Az+LerO3GEOfTWvGeyr7R5OYWBtE+FAXNy9f0ZngJ1I1OYkLYqWtgGfFxZde2ZeVgSB9kmOx356CgjQ0BJps/o6CSH/3WtvNRhWUnUNlWUurLYsvw7xYQEfo33nsC8TYjhfnGYQaWsFfIuAwbJnOtbGOFkY5J3yVcwBtLRpN+fuexrDQH5mUQdXcoRUmCQ9dmUOgteji8/5U9w/2RHdBw6h6XsNuSS4ceNaL05lBH44TFJxQkSKiREx399rWk+l0O2cXTc4nAwDLlj6sIsSL31R3vUeWVV5qhmw+fnk7lPd4iMRJC7xfKCsh4ebdoLIT/jjPM6G8/vLSblVQP9oRHol9SHw+BCCCvlZm+JT+AEC+OJ3ds+nfS9xOTHwts3nsBcD/24xjQEdyEJxYaxdWfOdgwtonWYLwNimL1lbHzZtCy8gbH+Nq/8WFfycwpsmLbQNOGAcepvRhWfJft4E/tlec/DsOZzmEiMW8OoeYVIn/4fWD9pEWAY5kvhmSpKNmVPPxNY76Cad7IRMEl2yWLN5ClpWZ/Nxn3V5R7OMjn7hweBZck4thjjfrCNeL1af+jr1MaH5zgz4/9DTU6XqrLSwDkMuSB1XO57RLVUHeCd9ITHS4AHk6nywuVd1xa0UYxSGHPCPjOGQqOC64NfhFALgkuIjXtYm4KDlqlgvSJxL64Z8mkV2t8Thrn0aJm8434CZSGwD1mxIAxHgCOOFYagkXRmGDuBR5LJ8v+b6wDumTcoy2W59193iC6ah4uHlFwA=",
                            "id": "AKIAJHN6B677SLJK6YDA",
                            "key_fingerprint": "c20fd9a16926685a2a559ed6ceb6284318d14c30",
                            "pgp_key": "keybase:mhn",
                            "ses_smtp_password": "Ao9nP4ATS7/qjUvMLFJwsuP/Oidn/wZ67Ebv/SHv9gJq",
                            "status": "Active",
                            "user": "mhn"
                        },
                        "meta": {},
                        "tainted": false
                    },
                    "deposed": [],
                    "provider": "provider.aws"
                },
                "aws_iam_user.user": {
                    "type": "aws_iam_user",
                    "depends_on": [],
                    "primary": {
                        "id": "mhn",
                        "attributes": {
                            "arn": "arn:aws:iam::049681365170:user/mhn",
                            "force_destroy": "true",
                            "id": "mhn",
                            "name": "mhn",
                            "path": "/",
                            "unique_id": "AIDAIBMFQM2TT3VMSYN5G"
                        },
                        "meta": {},
                        "tainted": false
                    },
                    "deposed": [],
                    "provider": "provider.aws"
                },
                "aws_iam_user_group_membership.user-groups": {
                    "type": "aws_iam_user_group_membership",
                    "depends_on": [
                        "aws_iam_user.user"
                    ],
                    "primary": {
                        "id": "terraform-20180910230723506400000001",
                        "attributes": {
                            "groups.#": "1",
                            "groups.3672628397": "admin",
                            "id": "terraform-20180910230723506400000001",
                            "user": "mhn"
                        },
                        "meta": {},
                        "tainted": false
                    },
                    "deposed": [],
                    "provider": "provider.aws"
                },
                "aws_iam_user_login_profile.user-login-profile": {
                    "type": "aws_iam_user_login_profile",
                    "depends_on": [
                        "aws_iam_user.user"
                    ],
                    "primary": {
                        "id": "mhn",
                        "attributes": {
                            "encrypted_password": "wcFMA8Ck/ZHI4BuWARAAGwqsAOk0HbVYxAffDmFoaTQzX/GjqdMb2KcZ+QT1irFgKwSs9/BnfgVHtw4jslJY8Stv2e9yF2f3E3/zlwk26/8r8vfpim5pEZgj0tFLL5u4jqkd1SeONQHg4HPOtY1RbsOM3+tlrXjbmYEXUjELC5Hkn7ARnWAkWODVCX0w+NlVngu1I6GowEmrqJQBDjXhSUuuUzAOnH1T0dBTPOv9RYooWJWSDaSPOEyhsShzf1mNROtaSD3py3BOby7DKKBfjdMV+gJ5IrHtTp1QuejtlNlTqwG7KeVyXN3fBriAy/QxX+7PjQacdB6/RKtlLdSNl1q4SM7pqIZj+F8uhzxrtaM2k6XS3avC/7zfE0/+yQtoDnshxfaVzWqiLX+OHXglNsRuB0uH3rGHvOapdMcdPDMjtT0aVwqC1znZ9InUSHFuCHzAH/ZkK+Sy62ayZ6cWC6GX2cn/nn3YlTbioOO0FhQWM6iYj3rI3pC+1CHopC76PBVt0+17qnuvEJ2YanjxKecorGhlNLkzaP8um+Ciivs2ewxYfybBBXksr5G17RKsgURmuEcUdZQyxxnr+Y1RyNLa9T0HORma9PWjjYhj/bCrvtbI1TOp2TtZUokmGRMsIjFDBFfhQ4ObEQJc4EJss9HQcVJDd8TRnZ0vJiHhM3T+PRo+ir0aqXYn+D7Xo9bS4AHk8pDMrAp6dJ+zlondalz/E+GEg+BY4JvhTBngJuJDifB54O7kK0KaD8bvu9UwV2RpKuMZReDF4jiDSR/gkOSruFGrnIFMHz1999bKhFki4nApLd7hPqwA",
                            "id": "mhn",
                            "key_fingerprint": "c20fd9a16926685a2a559ed6ceb6284318d14c30",
                            "password_length": "20",
                            "password_reset_required": "true",
                            "pgp_key": "keybase:mhn",
                            "user": "mhn"
                        },
                        "meta": {},
                        "tainted": false
                    },
                    "deposed": [],
                    "provider": "provider.aws"
                }
            },
            "depends_on": []
        },
        {
            "path": [
                "root",
                "prod-vpc"
            ],
            "outputs": {
                "arn": {
                    "sensitive": false,
                    "type": "string",
                    "value": "arn:aws:ec2:eu-west-2:049681365170:vpc/vpc-07127c8dca68c38ce"
                },
                "id": {
                    "sensitive": false,
                    "type": "string",
                    "value": "vpc-07127c8dca68c38ce"
                }
            },
            "resources": {
                "aws_vpc.vpc": {
                    "type": "aws_vpc",
                    "depends_on": [],
                    "primary": {
                        "id": "vpc-07127c8dca68c38ce",
                        "attributes": {
                            "arn": "arn:aws:ec2:eu-west-2:049681365170:vpc/vpc-07127c8dca68c38ce",
                            "assign_generated_ipv6_cidr_block": "false",
                            "cidr_block": "10.0.1.0/24",
                            "default_network_acl_id": "acl-03886da058696bdeb",
                            "default_route_table_id": "rtb-0f23a278a5ebfccb0",
                            "default_security_group_id": "sg-099a9de3fd3465435",
                            "dhcp_options_id": "dopt-96432cfe",
                            "enable_dns_hostnames": "false",
                            "enable_dns_support": "true",
                            "id": "vpc-07127c8dca68c38ce",
                            "instance_tenancy": "default",
                            "main_route_table_id": "rtb-0f23a278a5ebfccb0",
                            "tags.%": "1",
                            "tags.Name": "mhn-me"
                        },
                        "meta": {
                            "schema_version": "1"
                        },
                        "tainted": false
                    },
                    "deposed": [],
                    "provider": "provider.aws"
                }
            },
            "depends_on": []
        },
        {
            "path": [
                "root",
                "services"
            ],
            "outputs": {
                "url": {
                    "sensitive": false,
                    "type": "string",
                    "value": "https://git-codecommit.eu-west-2.amazonaws.com/v1/repos/Services"
                }
            },
            "resources": {
                "aws_codecommit_repository.repo": {
                    "type": "aws_codecommit_repository",
                    "depends_on": [],
                    "primary": {
                        "id": "Services",
                        "attributes": {
                            "arn": "arn:aws:codecommit:eu-west-2:049681365170:Services",
                            "clone_url_http": "https://git-codecommit.eu-west-2.amazonaws.com/v1/repos/Services",
                            "clone_url_ssh": "ssh://git-codecommit.eu-west-2.amazonaws.com/v1/repos/Services",
                            "description": "Services monorepo.",
                            "id": "Services",
                            "repository_id": "ca8b7b03-cc78-4d5f-8823-efede0117ec1",
                            "repository_name": "Services"
                        },
                        "meta": {},
                        "tainted": false
                    },
                    "deposed": [],
                    "provider": "provider.aws"
                }
            },
            "depends_on": []
        }
    ]
}
